lockfileVersion: '6.0'

settings:
  autoInstallPeers: true
  excludeLinksFromLockfile: false

dependencies:
  emoji-button:
    specifier: ^2.2.2
    version: 2.2.2

packages:

  /@fortawesome/fontawesome-common-types@0.2.36:
    resolution: {integrity: sha512-a/7BiSgobHAgBWeN7N0w+lAhInrGxksn13uK7231n2m8EDPE3BMCl9NZLTGrj9ZXfCmC6LM0QLqXidIizVQ6yg==}
    engines: {node: '>=6'}
    requiresBuild: true
    dev: false

  /@fortawesome/fontawesome-svg-core@1.2.36:
    resolution: {integrity: sha512-YUcsLQKYb6DmaJjIHdDWpBIGCcyE/W+p/LMGvjQem55Mm2XWVAP5kWTMKWLv9lwpCVjpLxPyOMOyUocP1GxrtA==}
    engines: {node: '>=6'}
    requiresBuild: true
    dependencies:
      '@fortawesome/fontawesome-common-types': 0.2.36
    dev: false

  /@fortawesome/free-regular-svg-icons@5.15.4:
    resolution: {integrity: sha512-9VNNnU3CXHy9XednJ3wzQp6SwNwT3XaM26oS4Rp391GsxVYA+0oDR2J194YCIWf7jNRCYKjUCOduxdceLrx+xw==}
    engines: {node: '>=6'}
    requiresBuild: true
    dependencies:
      '@fortawesome/fontawesome-common-types': 0.2.36
    dev: false

  /@fortawesome/free-solid-svg-icons@5.15.4:
    resolution: {integrity: sha512-JLmQfz6tdtwxoihXLg6lT78BorrFyCf59SAwBM6qV/0zXyVeDygJVb3fk+j5Qat+Yvcxp1buLTY5iDh1ZSAQ8w==}
    engines: {node: '>=6'}
    requiresBuild: true
    dependencies:
      '@fortawesome/fontawesome-common-types': 0.2.36
    dev: false

  /emoji-button@2.2.2:
    resolution: {integrity: sha512-sKXRRnOTxZBGj85SwPCeby4TGhiNspu27dfD+BMsZ8few8iQ8bPyPT2uId2nhJyn6aN6f1fo4C4/jO8rrMyaGw==}
    deprecated: This package has moved, please install @joeattardi/emoji-button
    dependencies:
      '@fortawesome/fontawesome-svg-core': 1.2.36
      '@fortawesome/free-regular-svg-icons': 5.15.4
      '@fortawesome/free-solid-svg-icons': 5.15.4
      emoji-datasource: 4.1.0
      popper.js: 1.16.1
      tiny-emitter: 2.1.0
    dev: false

  /emoji-datasource@4.1.0:
    resolution: {integrity: sha512-4u+sDz5ZvTyeVAUNgt6RzUvtewDATf+Srxc0kOyMlcbnquIqod7Hi2piOGDWZiUijnwBfrn+NOl/eTMyTNP4eg==}
    dev: false

  /popper.js@1.16.1:
    resolution: {integrity: sha512-Wb4p1J4zyFTbM+u6WuO4XstYx4Ky9Cewe4DWrel7B0w6VVICvPwdOpotjzcf6eD8TsckVnIMNONQyPIUFOUbCQ==}
    deprecated: You can find the new Popper v2 at @popperjs/core, this package is dedicated to the legacy v1
    dev: false

  /tiny-emitter@2.1.0:
    resolution: {integrity: sha512-NB6Dk1A9xgQPMoGqC5CVXn123gWyte215ONT5Pp5a0yt4nlEoO1ZWeCwpncaekPHXO60i47ihFnZPiRPjRMq4Q==}
    dev: false
